Microsoft Visual Studio Solution File, Format Version 12.00
Project("{FAE04EC0-301F-11D3-BF4B-00C04F79EFBC}") = "IoTBridge", "IoTBridge\IoTBridge.csproj", "{EDB469E2-9F2E-4342-AF18-E2595C718783}"
EndProject
Project("{FAE04EC0-301F-11D3-BF4B-00C04F79EFBC}") = "IoTBridge.Core", "IoTBridge.Core\IoTBridge.Core.csproj", "{C0A4F878-823C-4D50-8B9D-702107517FA5}"
EndProject
Project("{FAE04EC0-301F-11D3-BF4B-00C04F79EFBC}") = "IoTBridge.Tests", "IoTBridge.Tests\IoTBridge.Tests.csproj", "{EB13B3FE-18AE-49D5-818F-011B176128CD}"
EndProject
Global
	GlobalSection(SolutionConfigurationPlatforms) = preSolution
		Debug|Any CPU = Debug|Any CPU
		Release|Any CPU = Release|Any CPU
	EndGlobalSection
	GlobalSection(ProjectConfigurationPlatforms) = postSolution
		{EDB469E2-9F2E-4342-AF18-E2595C718783}.Debug|Any CPU.ActiveCfg = Debug|Any CPU
		{EDB469E2-9F2E-4342-AF18-E2595C718783}.Debug|Any CPU.Build.0 = Debug|Any CPU
		{EDB469E2-9F2E-4342-AF18-E2595C718783}.Release|Any CPU.ActiveCfg = Release|Any CPU
		{EDB469E2-9F2E-4342-AF18-E2595C718783}.Release|Any CPU.Build.0 = Release|Any CPU
		{C0A4F878-823C-4D50-8B9D-702107517FA5}.Debug|Any CPU.ActiveCfg = Debug|Any CPU
		{C0A4F878-823C-4D50-8B9D-702107517FA5}.Debug|Any CPU.Build.0 = Debug|Any CPU
		{C0A4F878-823C-4D50-8B9D-702107517FA5}.Release|Any CPU.ActiveCfg = Release|Any CPU
		{C0A4F878-823C-4D50-8B9D-702107517FA5}.Release|Any CPU.Build.0 = Release|Any CPU
		{EB13B3FE-18AE-49D5-818F-011B176128CD}.Debug|Any CPU.ActiveCfg = Debug|Any CPU
		{EB13B3FE-18AE-49D5-818F-011B176128CD}.Debug|Any CPU.Build.0 = Debug|Any CPU
		{EB13B3FE-18AE-49D5-818F-011B176128CD}.Release|Any CPU.ActiveCfg = Release|Any CPU
		{EB13B3FE-18AE-49D5-818F-011B176128CD}.Release|Any CPU.Build.0 = Release|Any CPU
	EndGlobalSection
EndGlobal
